
Microsoft Visual Studio Solution File, Format Version 12.00
# Visual Studio Version 16
VisualStudioVersion = 16.0.29613.14
MinimumVisualStudioVersion = 10.0.40219.1
Project("{9A19103F-16F7-4668-BE54-9A1E7A4F7556}") = "EMart.AdminService", "EMart.AdminService\EMart.AdminService.csproj", "{DCFCC144-3B44-4162-9DAC-630B2E8508CB}"
EndProject
Project("{9A19103F-16F7-4668-BE54-9A1E7A4F7556}") = "EMart.SellerService", "EMart.SellerService\EMart.SellerService.csproj", "{2FD3FF09-0616-4368-B0F4-E4FC2C8C7507}"
EndProject
Project("{9A19103F-16F7-4668-BE54-9A1E7A4F7556}") = "EMart.BuyerService", "EMart.BuyerService\EMart.BuyerService.csproj", "{06331B44-19F7-4F89-A591-058080B6907D}"
EndProject
Project("{9A19103F-16F7-4668-BE54-9A1E7A4F7556}") = "EMart.AccountService", "EMart.AccountService\EMart.AccountService.csproj", "{41BE752D-D5F4-4F95-95C0-C9553128576D}"
EndProject
Project("{9A19103F-16F7-4668-BE54-9A1E7A4F7556}") = "EMart.GateWay", "EMart.GateWay\EMart.GateWay.csproj", "{AA164D47-89F6-4805-97A4-4EC1A305FF3B}"
EndProject
Project("{FAE04EC0-301F-11D3-BF4B-00C04F79EFBC}") = "EMart.Test", "EMart.Test\EMart.Test.csproj", "{E60BB67F-6FA5-4130-BC12-86F1A42A1739}"
EndProject
Global
	GlobalSection(SolutionConfigurationPlatforms) = preSolution
		Debug|Any CPU = Debug|Any CPU
		Release|Any CPU = Release|Any CPU
	EndGlobalSection
	GlobalSection(ProjectConfigurationPlatforms) = postSolution
		{DCFCC144-3B44-4162-9DAC-630B2E8508CB}.Debug|Any CPU.ActiveCfg = Debug|Any CPU
		{DCFCC144-3B44-4162-9DAC-630B2E8508CB}.Debug|Any CPU.Build.0 = Debug|Any CPU
		{DCFCC144-3B44-4162-9DAC-630B2E8508CB}.Release|Any CPU.ActiveCfg = Release|Any CPU
		{DCFCC144-3B44-4162-9DAC-630B2E8508CB}.Release|Any CPU.Build.0 = Release|Any CPU
		{2FD3FF09-0616-4368-B0F4-E4FC2C8C7507}.Debug|Any CPU.ActiveCfg = Debug|Any CPU
		{2FD3FF09-0616-4368-B0F4-E4FC2C8C7507}.Debug|Any CPU.Build.0 = Debug|Any CPU
		{2FD3FF09-0616-4368-B0F4-E4FC2C8C7507}.Release|Any CPU.ActiveCfg = Release|Any CPU
		{2FD3FF09-0616-4368-B0F4-E4FC2C8C7507}.Release|Any CPU.Build.0 = Release|Any CPU
		{06331B44-19F7-4F89-A591-058080B6907D}.Debug|Any CPU.ActiveCfg = Debug|Any CPU
		{06331B44-19F7-4F89-A591-058080B6907D}.Debug|Any CPU.Build.0 = Debug|Any CPU
		{06331B44-19F7-4F89-A591-058080B6907D}.Release|Any CPU.ActiveCfg = Release|Any CPU
		{06331B44-19F7-4F89-A591-058080B6907D}.Release|Any CPU.Build.0 = Release|Any CPU
		{41BE752D-D5F4-4F95-95C0-C9553128576D}.Debug|Any CPU.ActiveCfg = Debug|Any CPU
		{41BE752D-D5F4-4F95-95C0-C9553128576D}.Debug|Any CPU.Build.0 = Debug|Any CPU
		{41BE752D-D5F4-4F95-95C0-C9553128576D}.Release|Any CPU.ActiveCfg = Release|Any CPU
		{41BE752D-D5F4-4F95-95C0-C9553128576D}.Release|Any CPU.Build.0 = Release|Any CPU
		{AA164D47-89F6-4805-97A4-4EC1A305FF3B}.Debug|Any CPU.ActiveCfg = Debug|Any CPU
		{AA164D47-89F6-4805-97A4-4EC1A305FF3B}.Debug|Any CPU.Build.0 = Debug|Any CPU
		{AA164D47-89F6-4805-97A4-4EC1A305FF3B}.Release|Any CPU.ActiveCfg = Release|Any CPU
		{AA164D47-89F6-4805-97A4-4EC1A305FF3B}.Release|Any CPU.Build.0 = Release|Any CPU
		{E60BB67F-6FA5-4130-BC12-86F1A42A1739}.Debug|Any CPU.ActiveCfg = Debug|Any CPU
		{E60BB67F-6FA5-4130-BC12-86F1A42A1739}.Debug|Any CPU.Build.0 = Debug|Any CPU
		{E60BB67F-6FA5-4130-BC12-86F1A42A1739}.Release|Any CPU.ActiveCfg = Release|Any CPU
		{E60BB67F-6FA5-4130-BC12-86F1A42A1739}.Release|Any CPU.Build.0 = Release|Any CPU
	EndGlobalSection
	GlobalSection(SolutionProperties) = preSolution
		HideSolutionNode = FALSE
	EndGlobalSection
	GlobalSection(ExtensibilityGlobals) = postSolution
		SolutionGuid = {D78C8804-2578-4619-A96E-B1E410B8B333}
	EndGlobalSection
EndGlobal
